// !$*UTF8*$!
{
	archiveVersion = 1;
	classes = {
	};
	objectVersion = 46;
	objects = {

/* Begin PBXBuildFile section */
		44606B211880E5C1009C92FB /* Foundation.framework in Frameworks */ = {isa = PBXBuildFile; fileRef = 44606B201880E5C1009C92FB /* Foundation.framework */; };
		44606B231880E5C1009C92FB /* CoreGraphics.framework in Frameworks */ = {isa = PBXBuildFile; fileRef = 44606B221880E5C1009C92FB /* CoreGraphics.framework */; };
		44606B251880E5C1009C92FB /* UIKit.framework in Frameworks */ = {isa = PBXBuildFile; fileRef = 44606B241880E5C1009C92FB /* UIKit.framework */; };
		44606B2B1880E5C1009C92FB /* InfoPlist.strings in Resources */ = {isa = PBXBuildFile; fileRef = 44606B291880E5C1009C92FB /* InfoPlist.strings */; };
		44606B2D1880E5C1009C92FB /* main.m in Sources */ = {isa = PBXBuildFile; fileRef = 44606B2C1880E5C1009C92FB /* main.m */; };
		44606B311880E5C1009C92FB /* HTWAppDelegate.m in Sources */ = {isa = PBXBuildFile; fileRef = 44606B301880E5C1009C92FB /* HTWAppDelegate.m */; };
		44606B371880E5C1009C92FB /* HTWViewController.m in Sources */ = {isa = PBXBuildFile; fileRef = 44606B361880E5C1009C92FB /* HTWViewController.m */; };
		44606B391880E5C1009C92FB /* Images.xcassets in Resources */ = {isa = PBXBuildFile; fileRef = 44606B381880E5C1009C92FB /* Images.xcassets */; };
		44606B401880E5C1009C92FB /* XCTest.framework in Frameworks */ = {isa = PBXBuildFile; fileRef = 44606B3F1880E5C1009C92FB /* XCTest.framework */; };
		44606B411880E5C1009C92FB /* Foundation.framework in Frameworks */ = {isa = PBXBuildFile; fileRef = 44606B201880E5C1009C92FB /* Foundation.framework */; };
		44606B421880E5C1009C92FB /* UIKit.framework in Frameworks */ = {isa = PBXBuildFile; fileRef = 44606B241880E5C1009C92FB /* UIKit.framework */; };
		44606B4A1880E5C1009C92FB /* InfoPlist.strings in Resources */ = {isa = PBXBuildFile; fileRef = 44606B481880E5C1009C92FB /* InfoPlist.strings */; };
		44606B4C1880E5C1009C92FB /* ConnectTheWorldTests.m in Sources */ = {isa = PBXBuildFile; fileRef = 44606B4B1880E5C1009C92FB /* ConnectTheWorldTests.m */; };
		44606B581880E855009C92FB /* Main.storyboard in Resources */ = {isa = PBXBuildFile; fileRef = 44606B571880E855009C92FB /* Main.storyboard */; };
		44606B5B1880ED9A009C92FB /* CHTRemoteCalls.m in Sources */ = {isa = PBXBuildFile; fileRef = 44606B5A1880ED9A009C92FB /* CHTRemoteCalls.m */; };
		44606B5E18810CF2009C92FB /* KxMenu.m in Sources */ = {isa = PBXBuildFile; fileRef = 44606B5D18810CF2009C92FB /* KxMenu.m */; };
		44606B6218811470009C92FB /* icon@2x.png in Resources */ = {isa = PBXBuildFile; fileRef = 44606B6118811470009C92FB /* icon@2x.png */; };
/* End PBXBuildFile section */

/* Begin PBXContainerItemProxy section */
		44606B431880E5C1009C92FB /* PBXContainerItemProxy */ = {
			isa = PBXContainerItemProxy;
			containerPortal = 44606B151880E5C1009C92FB /* Project object */;
			proxyType = 1;
			remoteGlobalIDString = 44606B1C1880E5C1009C92FB;
			remoteInfo = ConnectTheWorld;
		};
/* End PBXContainerItemProxy section */

/* Begin PBXFileReference section */
		44606B1D1880E5C1009C92FB /* CTW.app */ = {isa = PBXFileReference; explicitFileType = wrapper.application; includeInIndex = 0; path = CTW.app; sourceTree = BUILT_PRODUCTS_DIR; };
		44606B201880E5C1009C92FB /* Foundation.framework */ = {isa = PBXFileReference; lastKnownFileType = wrapper.framework; name = Foundation.framework; path = System/Library/Frameworks/Foundation.framework; sourceTree = SDKROOT; };
		44606B221880E5C1009C92FB /* CoreGraphics.framework */ = {isa = PBXFileReference; lastKnownFileType = wrapper.framework; name = CoreGraphics.framework; path = System/Library/Frameworks/CoreGraphics.framework; sourceTree = SDKROOT; };
		44606B241880E5C1009C92FB /* UIKit.framework */ = {isa = PBXFileReference; lastKnownFileType = wrapper.framework; name = UIKit.framework; path = System/Library/Frameworks/UIKit.framework; sourceTree = SDKROOT; };
		44606B281880E5C1009C92FB /* ConnectTheWorld-Info.plist */ = {isa = PBXFileReference; lastKnownFileType = text.plist.xml; path = "ConnectTheWorld-Info.plist"; sourceTree = "<group>"; };
		44606B2A1880E5C1009C92FB /* en */ = {isa = PBXFileReference; lastKnownFileType = text.plist.strings; name = en; path = en.lproj/InfoPlist.strings; sourceTree = "<group>"; };
		44606B2C1880E5C1009C92FB /* main.m */ = {isa = PBXFileReference; lastKnownFileType = sourcecode.c.objc; path = main.m; sourceTree = "<group>"; };
		44606B2E1880E5C1009C92FB /* ConnectTheWorld-Prefix.pch */ = {isa = PBXFileReference; lastKnownFileType = sourcecode.c.h; path = "ConnectTheWorld-Prefix.pch"; sourceTree = "<group>"; };
		44606B2F1880E5C1009C92FB /* HTWAppDelegate.h */ = {isa = PBXFileReference; lastKnownFileType = sourcecode.c.h; path = HTWAppDelegate.h; sourceTree = "<group>"; };
		44606B301880E5C1009C92FB /* HTWAppDelegate.m */ = {isa = PBXFileReference; lastKnownFileType = sourcecode.c.objc; path = HTWAppDelegate.m; sourceTree = "<group>"; };
		44606B351880E5C1009C92FB /* HTWViewController.h */ = {isa = PBXFileReference; lastKnownFileType = sourcecode.c.h; path = HTWViewController.h; sourceTree = "<group>"; };
		44606B361880E5C1009C92FB /* HTWViewController.m */ = {isa = PBXFileReference; lastKnownFileType = sourcecode.c.objc; path = HTWViewController.m; sourceTree = "<group>"; };
		44606B381880E5C1009C92FB /* Images.xcassets */ = {isa = PBXFileReference; lastKnownFileType = folder.assetcatalog; path = Images.xcassets; sourceTree = "<group>"; };
		44606B3E1880E5C1009C92FB /* ConnectTheWorldTests.xctest */ = {isa = PBXFileReference; explicitFileType = wrapper.cfbundle; includeInIndex = 0; path = ConnectTheWorldTests.xctest; sourceTree = BUILT_PRODUCTS_DIR; };
		44606B3F1880E5C1009C92FB /* XCTest.framework */ = {isa = PBXFileReference; lastKnownFileType = wrapper.framework; name = XCTest.framework; path = Library/Frameworks/XCTest.framework; sourceTree = DEVELOPER_DIR; };
		44606B471880E5C1009C92FB /* ConnectTheWorldTests-Info.plist */ = {isa = PBXFileReference; lastKnownFileType = text.plist.xml; path = "ConnectTheWorldTests-Info.plist"; sourceTree = "<group>"; };
		44606B491880E5C1009C92FB /* en */ = {isa = PBXFileReference; lastKnownFileType = text.plist.strings; name = en; path = en.lproj/InfoPlist.strings; sourceTree = "<group>"; };
		44606B4B1880E5C1009C92FB /* ConnectTheWorldTests.m */ = {isa = PBXFileReference; lastKnownFileType = sourcecode.c.objc; path = ConnectTheWorldTests.m; sourceTree = "<group>"; };
		44606B571880E855009C92FB /* Main.storyboard */ = {isa = PBXFileReference; fileEncoding = 4; lastKnownFileType = file.storyboard; path = Main.storyboard; sourceTree = "<group>"; };
		44606B591880ED9A009C92FB /* CHTRemoteCalls.h */ = {isa = PBXFileReference; fileEncoding = 4; lastKnownFileType = sourcecode.c.h; path = CHTRemoteCalls.h; sourceTree = "<group>"; };
		44606B5A1880ED9A009C92FB /* CHTRemoteCalls.m */ = {isa = PBXFileReference; fileEncoding = 4; lastKnownFileType = sourcecode.c.objc; path = CHTRemoteCalls.m; sourceTree = "<group>"; };
		44606B5C18810CF2009C92FB /* KxMenu.h */ = {isa = PBXFileReference; fileEncoding = 4; lastKnownFileType = sourcecode.c.h; path = KxMenu.h; sourceTree = "<group>"; };
		44606B5D18810CF2009C92FB /* KxMenu.m */ = {isa = PBXFileReference; fileEncoding = 4; lastKnownFileType = sourcecode.c.objc; path = KxMenu.m; sourceTree = "<group>"; };
		44606B6118811470009C92FB /* icon@2x.png */ = {isa = PBXFileReference; lastKnownFileType = image.png; path = "icon@2x.png"; sourceTree = "<group>"; };
/* End PBXFileReference section */

/* Begin PBXFrameworksBuildPhase section */
		44606B1A1880E5C1009C92FB /* Frameworks */ = {
			isa = PBXFrameworksBuildPhase;
			buildActionMask = 2147483647;
			files = (
				44606B231880E5C1009C92FB /* CoreGraphics.framework in Frameworks */,
				44606B251880E5C1009C92FB /* UIKit.framework in Frameworks */,
				44606B211880E5C1009C92FB /* Foundation.framework in Frameworks */,
			);
			runOnlyForDeploymentPostprocessing = 0;
		};
		44606B3B1880E5C1009C92FB /* Frameworks */ = {
			isa = PBXFrameworksBuildPhase;
			buildActionMask = 2147483647;
			files = (
				44606B401880E5C1009C92FB /* XCTest.framework in Frameworks */,
				44606B421880E5C1009C92FB /* UIKit.framework in Frameworks */,
				44606B411880E5C1009C92FB /* Foundation.framework in Frameworks */,
			);
			runOnlyForDeploymentPostprocessing = 0;
		};
/* End PBXFrameworksBuildPhase section */

/* Begin PBXGroup section */
		44606B141880E5C1009C92FB = {
			isa = PBXGroup;
			children = (
				44606B261880E5C1009C92FB /* ConnectTheWorld */,
				44606B451880E5C1009C92FB /* ConnectTheWorldTests */,
				44606B1F1880E5C1009C92FB /* Frameworks */,
				44606B1E1880E5C1009C92FB /* Products */,
			);
			sourceTree = "<group>";
		};
		44606B1E1880E5C1009C92FB /* Products */ = {
			isa = PBXGroup;
			children = (
				44606B1D1880E5C1009C92FB /* CTW.app */,
				44606B3E1880E5C1009C92FB /* ConnectTheWorldTests.xctest */,
			);
			name = Products;
			sourceTree = "<group>";
		};
		44606B1F1880E5C1009C92FB /* Frameworks */ = {
			isa = PBXGroup;
			children = (
				44606B201880E5C1009C92FB /* Foundation.framework */,
				44606B221880E5C1009C92FB /* CoreGraphics.framework */,
				44606B241880E5C1009C92FB /* UIKit.framework */,
				44606B3F1880E5C1009C92FB /* XCTest.framework */,
			);
			name = Frameworks;
			sourceTree = "<group>";
		};
		44606B261880E5C1009C92FB /* ConnectTheWorld */ = {
			isa = PBXGroup;
			children = (
				44606B2F1880E5C1009C92FB /* HTWAppDelegate.h */,
				44606B301880E5C1009C92FB /* HTWAppDelegate.m */,
				44606B351880E5C1009C92FB /* HTWViewController.h */,
				44606B361880E5C1009C92FB /* HTWViewController.m */,
				44606B571880E855009C92FB /* Main.storyboard */,
				44606B381880E5C1009C92FB /* Images.xcassets */,
				44606B591880ED9A009C92FB /* CHTRemoteCalls.h */,
				44606B5A1880ED9A009C92FB /* CHTRemoteCalls.m */,
				44606B6118811470009C92FB /* icon@2x.png */,
				44606B5C18810CF2009C92FB /* KxMenu.h */,
				44606B5D18810CF2009C92FB /* KxMenu.m */,
				44606B271880E5C1009C92FB /* Supporting Files */,
			);
			path = ConnectTheWorld;
			sourceTree = "<group>";
		};
		44606B271880E5C1009C92FB /* Supporting Files */ = {
			isa = PBXGroup;
			children = (
				44606B281880E5C1009C92FB /* ConnectTheWorld-Info.plist */,
				44606B291880E5C1009C92FB /* InfoPlist.strings */,
				44606B2C1880E5C1009C92FB /* main.m */,
				44606B2E1880E5C1009C92FB /* ConnectTheWorld-Prefix.pch */,
			);
			name = "Supporting Files";
			sourceTree = "<group>";
		};
		44606B451880E5C1009C92FB /* ConnectTheWorldTests */ = {
			isa = PBXGroup;
			children = (
				44606B4B1880E5C1009C92FB /* ConnectTheWorldTests.m */,
				44606B461880E5C1009C92FB /* Supporting Files */,
			);
			path = ConnectTheWorldTests;
			sourceTree = "<group>";
		};
		44606B461880E5C1009C92FB /* Supporting Files */ = {
			isa = PBXGroup;
			children = (
				44606B471880E5C1009C92FB /* ConnectTheWorldTests-Info.plist */,
				44606B481880E5C1009C92FB /* InfoPlist.strings */,
			);
			name = "Supporting Files";
			sourceTree = "<group>";
		};
/* End PBXGroup section */

/* Begin PBXNativeTarget section */
		44606B1C1880E5C1009C92FB /* ConnectTheWorld */ = {
			isa = PBXNativeTarget;
			buildConfigurationList = 44606B4F1880E5C1009C92FB /* Build configuration list for PBXNativeTarget "ConnectTheWorld" */;
			buildPhases = (
				44606B191880E5C1009C92FB /* Sources */,
				44606B1A1880E5C1009C92FB /* Frameworks */,
				44606B1B1880E5C1009C92FB /* Resources */,
			);
			buildRules = (
			);
			dependencies = (
			);
			name = ConnectTheWorld;
			productName = ConnectTheWorld;
			productReference = 44606B1D1880E5C1009C92FB /* CTW.app */;
			productType = "com.apple.product-type.application";
		};
		44606B3D1880E5C1009C92FB /* ConnectTheWorldTests */ = {
			isa = PBXNativeTarget;
			buildConfigurationList = 44606B521880E5C1009C92FB /* Build configuration list for PBXNativeTarget "ConnectTheWorldTests" */;
			buildPhases = (
				44606B3A1880E5C1009C92FB /* Sources */,
				44606B3B1880E5C1009C92FB /* Frameworks */,
				44606B3C1880E5C1009C92FB /* Resources */,
			);
			buildRules = (
			);
			dependencies = (
				44606B441880E5C1009C92FB /* PBXTargetDependency */,
			);
			name = ConnectTheWorldTests;
			productName = ConnectTheWorldTests;
			productReference = 44606B3E1880E5C1009C92FB /* ConnectTheWorldTests.xctest */;
			productType = "com.apple.product-type.bundle.unit-test";
		};
/* End PBXNativeTarget section */

/* Begin PBXProject section */
		44606B151880E5C1009C92FB /* Project object */ = {
			isa = PBXProject;
			attributes = {
				CLASSPREFIX = HTW;
				LastUpgradeCheck = 0500;
				ORGANIZATIONNAME = weichao;
				TargetAttributes = {
					44606B3D1880E5C1009C92FB = {
						TestTargetID = 44606B1C1880E5C1009C92FB;
					};
				};
			};
			buildConfigurationList = 44606B181880E5C1009C92FB /* Build configuration list for PBXProject "ConnectTheWorld" */;
			compatibilityVersion = "Xcode 3.2";
			developmentRegion = English;
			hasScannedForEncodings = 0;
			knownRegions = (
				en,
				Base,
			);
			mainGroup = 44606B141880E5C1009C92FB;
			productRefGroup = 44606B1E1880E5C1009C92FB /* Products */;
			projectDirPath = "";
			projectRoot = "";
			targets = (
				44606B1C1880E5C1009C92FB /* ConnectTheWorld */,
				44606B3D1880E5C1009C92FB /* ConnectTheWorldTests */,
			);
		};
/* End PBXProject section */

/* Begin PBXResourcesBuildPhase section */
		44606B1B1880E5C1009C92FB /* Resources */ = {
			isa = PBXResourcesBuildPhase;
			buildActionMask = 2147483647;
			files = (
				44606B391880E5C1009C92FB /* Images.xcassets in Resources */,
				44606B2B1880E5C1009C92FB /* InfoPlist.strings in Resources */,
				44606B581880E855009C92FB /* Main.storyboard in Resources */,
				44606B6218811470009C92FB /* icon@2x.png in Resources */,
			);
			runOnlyForDeploymentPostprocessing = 0;
		};
		44606B3C1880E5C1009C92FB /* Resources */ = {
			isa = PBXResourcesBuildPhase;
			buildActionMask = 2147483647;
			files = (
				44606B4A1880E5C1009C92FB /* InfoPlist.strings in Resources */,
			);
			runOnlyForDeploymentPostprocessing = 0;
		};
/* End PBXResourcesBuildPhase section */

/* Begin PBXSourcesBuildPhase section */
		44606B191880E5C1009C92FB /* Sources */ = {
			isa = PBXSourcesBuildPhase;
			buildActionMask = 2147483647;
			files = (
				44606B311880E5C1009C92FB /* HTWAppDelegate.m in Sources */,
				44606B5B1880ED9A009C92FB /* CHTRemoteCalls.m in Sources */,
				44606B5E18810CF2009C92FB /* KxMenu.m in Sources */,
				44606B2D1880E5C1009C92FB /* main.m in Sources */,
				44606B371880E5C1009C92FB /* HTWViewController.m in Sources */,
			);
			runOnlyForDeploymentPostprocessing = 0;
		};
		44606B3A1880E5C1009C92FB /* Sources */ = {
			isa = PBXSourcesBuildPhase;
			buildActionMask = 2147483647;
			files = (
				44606B4C1880E5C1009C92FB /* ConnectTheWorldTests.m in Sources */,
			);
			runOnlyForDeploymentPostprocessing = 0;
		};
/* End PBXSourcesBuildPhase section */

/* Begin PBXTargetDependency section */
		44606B441880E5C1009C92FB /* PBXTargetDependency */ = {
			isa = PBXTargetDependency;
			target = 44606B1C1880E5C1009C92FB /* ConnectTheWorld */;
			targetProxy = 44606B431880E5C1009C92FB /* PBXContainerItemProxy */;
		};
/* End PBXTargetDependency section */

/* Begin PBXVariantGroup section */
		44606B291880E5C1009C92FB /* InfoPlist.strings */ = {
			isa = PBXVariantGroup;
			children = (
				44606B2A1880E5C1009C92FB /* en */,
			);
			name = InfoPlist.strings;
			sourceTree = "<group>";
		};
		44606B481880E5C1009C92FB /* InfoPlist.strings */ = {
			isa = PBXVariantGroup;
			children = (
				44606B491880E5C1009C92FB /* en */,
			);
			name = InfoPlist.strings;
			sourceTree = "<group>";
		};
/* End PBXVariantGroup section */

/* Begin XCBuildConfiguration section */
		44606B4D1880E5C1009C92FB /* Debug */ = {
			isa = XCBuildConfiguration;
			buildSettings = {
				ALWAYS_SEARCH_USER_PATHS = NO;
				ARCHS = "$(ARCHS_STANDARD_INCLUDING_64_BIT)";
				CLANG_CXX_LANGUAGE_STANDARD = "gnu++0x";
				CLANG_CXX_LIBRARY = "libc++";
				CLANG_ENABLE_MODULES = YES;
				CLANG_ENABLE_OBJC_ARC = YES;
				CLANG_WARN_BOOL_CONVERSION = YES;
				CLANG_WARN_CONSTANT_CONVERSION = YES;
				CLANG_WARN_DIRECT_OBJC_ISA_USAGE = YES_ERROR;
				CLANG_WARN_EMPTY_BODY = YES;
				CLANG_WARN_ENUM_CONVERSION = YES;
				CLANG_WARN_INT_CONVERSION = YES;
				CLANG_WARN_OBJC_ROOT_CLASS = YES_ERROR;
				CLANG_WARN__DUPLICATE_METHOD_MATCH = YES;
				"CODE_SIGN_IDENTITY[sdk=iphoneos*]" = "iPhone Developer";
				COPY_PHASE_STRIP = NO;
				GCC_C_LANGUAGE_STANDARD = gnu99;
				GCC_DYNAMIC_NO_PIC = NO;
				GCC_OPTIMIZATION_LEVEL = 0;
				GCC_PREPROCESSOR_DEFINITIONS = (
					"DEBUG=1",
					"$(inherited)",
				);
				GCC_SYMBOLS_PRIVATE_EXTERN = NO;
				GCC_WARN_64_TO_32_BIT_CONVERSION = YES;
				GCC_WARN_ABOUT_RETURN_TYPE = YES_ERROR;
				GCC_WARN_UNDECLARED_SELECTOR = YES;
				GCC_WARN_UNINITIALIZED_AUTOS = YES;
				GCC_WARN_UNUSED_FUNCTION = YES;
				GCC_WARN_UNUSED_VARIABLE = YES;
				IPHONEOS_DEPLOYMENT_TARGET = 7.0;
				ONLY_ACTIVE_ARCH = YES;
				SDKROOT = iphoneos;
			};
			name = Debug;
		};
		44606B4E1880E5C1009C92FB /* Release */ = {
			isa = XCBuildConfiguration;
			buildSettings = {
				ALWAYS_SEARCH_USER_PATHS = NO;
				ARCHS = "$(ARCHS_STANDARD_INCLUDING_64_BIT)";
				CLANG_CXX_LANGUAGE_STANDARD = "gnu++0x";
				CLANG_CXX_LIBRARY = "libc++";
				CLANG_ENABLE_MODULES = YES;
				CLANG_ENABLE_OBJC_ARC = YES;
				CLANG_WARN_BOOL_CONVERSION = YES;
				CLANG_WARN_CONSTANT_CONVERSION = YES;
				CLANG_WARN_DIRECT_OBJC_ISA_USAGE = YES_ERROR;
				CLANG_WARN_EMPTY_BODY = YES;
				CLANG_WARN_ENUM_CONVERSION = YES;
				CLANG_WARN_INT_CONVERSION = YES;
				CLANG_WARN_OBJC_ROOT_CLASS = YES_ERROR;
				CLANG_WARN__DUPLICATE_METHOD_MATCH = YES;
				"CODE_SIGN_IDENTITY[sdk=iphoneos*]" = "iPhone Developer";
				COPY_PHASE_STRIP = YES;
				ENABLE_NS_ASSERTIONS = NO;
				GCC_C_LANGUAGE_STANDARD = gnu99;
				GCC_WARN_64_TO_32_BIT_CONVERSION = YES;
				GCC_WARN_ABOUT_RETURN_TYPE = YES_ERROR;
				GCC_WARN_UNDECLARED_SELECTOR = YES;
				GCC_WARN_UNINITIALIZED_AUTOS = YES;
				GCC_WARN_UNUSED_FUNCTION = YES;
				GCC_WARN_UNUSED_VARIABLE = YES;
				IPHONEOS_DEPLOYMENT_TARGET = 7.0;
				SDKROOT = iphoneos;
				VALIDATE_PRODUCT = YES;
			};
			name = Release;
		};
		44606B501880E5C1009C92FB /* Debug */ = {
			isa = XCBuildConfiguration;
			buildSettings = {
				ASSETCATALOG_COMPILER_APPICON_NAME = AppIcon;
				ASSETCATALOG_COMPILER_LAUNCHIMAGE_NAME = LaunchImage;
				CODE_SIGN_IDENTITY = "iPhone Developer";
				GCC_PRECOMPILE_PREFIX_HEADER = YES;
				GCC_PREFIX_HEADER = "ConnectTheWorld/ConnectTheWorld-Prefix.pch";
				INFOPLIST_FILE = "ConnectTheWorld/ConnectTheWorld-Info.plist";
				PRODUCT_NAME = CTW;
				WRAPPER_EXTENSION = app;
			};
			name = Debug;
		};
		44606B511880E5C1009C92FB /* Release */ = {
			isa = XCBuildConfiguration;
			buildSettings = {
				ASSETCATALOG_COMPILER_APPICON_NAME = AppIcon;
				ASSETCATALOG_COMPILER_LAUNCHIMAGE_NAME = LaunchImage;
				GCC_PRECOMPILE_PREFIX_HEADER = YES;
				GCC_PREFIX_HEADER = "ConnectTheWorld/ConnectTheWorld-Prefix.pch";
				INFOPLIST_FILE = "ConnectTheWorld/ConnectTheWorld-Info.plist";
				PRODUCT_NAME = CTW;
				WRAPPER_EXTENSION = app;
			};
			name = Release;
		};
		44606B531880E5C1009C92FB /* Debug */ = {
			isa = XCBuildConfiguration;
			buildSettings = {
				ARCHS = "$(ARCHS_STANDARD_INCLUDING_64_BIT)";
				BUNDLE_LOADER = "$(BUILT_PRODUCTS_DIR)/ConnectTheWorld.app/ConnectTheWorld";
				FRAMEWORK_SEARCH_PATHS = (
					"$(SDKROOT)/Developer/Library/Frameworks",
					"$(inherited)",
					"$(DEVELOPER_FRAMEWORKS_DIR)",
				);
				GCC_PRECOMPILE_PREFIX_HEADER = YES;
				GCC_PREFIX_HEADER = "ConnectTheWorld/ConnectTheWorld-Prefix.pch";
				GCC_PREPROCESSOR_DEFINITIONS = (
					"DEBUG=1",
					"$(inherited)",
				);
				INFOPLIST_FILE = "ConnectTheWorldTests/ConnectTheWorldTests-Info.plist";
				PRODUCT_NAME = "$(TARGET_NAME)";
				TEST_HOST = "$(BUNDLE_LOADER)";
				WRAPPER_EXTENSION = xctest;
			};
			name = Debug;
		};
		44606B541880E5C1009C92FB /* Release */ = {
			isa = XCBuildConfiguration;
			buildSettings = {
				ARCHS = "$(ARCHS_STANDARD_INCLUDING_64_BIT)";
				BUNDLE_LOADER = "$(BUILT_PRODUCTS_DIR)/ConnectTheWorld.app/ConnectTheWorld";
				FRAMEWORK_SEARCH_PATHS = (
					"$(SDKROOT)/Developer/Library/Frameworks",
					"$(inherited)",
					"$(DEVELOPER_FRAMEWORKS_DIR)",
				);
				GCC_PRECOMPILE_PREFIX_HEADER = YES;
				GCC_PREFIX_HEADER = "ConnectTheWorld/ConnectTheWorld-Prefix.pch";
				INFOPLIST_FILE = "ConnectTheWorldTests/ConnectTheWorldTests-Info.plist";
				PRODUCT_NAME = "$(TARGET_NAME)";
				TEST_HOST = "$(BUNDLE_LOADER)";
				WRAPPER_EXTENSION = xctest;
			};
			name = Release;
		};
/* End XCBuildConfiguration section */

/* Begin XCConfigurationList section */
		44606B181880E5C1009C92FB /* Build configuration list for PBXProject "ConnectTheWorld" */ = {
			isa = XCConfigurationList;
			buildConfigurations = (
				44606B4D1880E5C1009C92FB /* Debug */,
				44606B4E1880E5C1009C92FB /* Release */,
			);
			defaultConfigurationIsVisible = 0;
			defaultConfigurationName = Release;
		};
		44606B4F1880E5C1009C92FB /* Build configuration list for PBXNativeTarget "ConnectTheWorld" */ = {
			isa = XCConfigurationList;
			buildConfigurations = (
				44606B501880E5C1009C92FB /* Debug */,
				44606B511880E5C1009C92FB /* Release */,
			);
			defaultConfigurationIsVisible = 0;
		};
		44606B521880E5C1009C92FB /* Build configuration list for PBXNativeTarget "ConnectTheWorldTests" */ = {
			isa = XCConfigurationList;
			buildConfigurations = (
				44606B531880E5C1009C92FB /* Debug */,
				44606B541880E5C1009C92FB /* Release */,
			);
			defaultConfigurationIsVisible = 0;
		};
/* End XCConfigurationList section */
	};
	rootObject = 44606B151880E5C1009C92FB /* Project object */;
}
